
Microsoft Visual Studio Solution File, Format Version 12.00
# Visual Studio Version 17
VisualStudioVersion = 17.9.34728.123
MinimumVisualStudioVersion = 10.0.40219.1
Project("{FAE04EC0-301F-11D3-BF4B-00C04F79EFBC}") = "InventoryAssisant", "InventoryAssisant\InventoryAssisant.csproj", "{2E8837DD-4AC1-43EF-8321-6E2FF65BA7FD}"
EndProject
Global
	GlobalSection(SolutionConfigurationPlatforms) = preSolution
		Debug|Any CPU = Debug|Any CPU
		Release|Any CPU = Release|Any CPU
	EndGlobalSection
	GlobalSection(ProjectConfigurationPlatforms) = postSolution
		{2E8837DD-4AC1-43EF-8321-6E2FF65BA7FD}.Debug|Any CPU.ActiveCfg = Debug|Any CPU
		{2E8837DD-4AC1-43EF-8321-6E2FF65BA7FD}.Debug|Any CPU.Build.0 = Debug|Any CPU
		{2E8837DD-4AC1-43EF-8321-6E2FF65BA7FD}.Release|Any CPU.ActiveCfg = Release|Any CPU
		{2E8837DD-4AC1-43EF-8321-6E2FF65BA7FD}.Release|Any CPU.Build.0 = Release|Any CPU
	EndGlobalSection
	GlobalSection(SolutionProperties) = preSolution
		HideSolutionNode = FALSE
	EndGlobalSection
	GlobalSection(ExtensibilityGlobals) = postSolution
		SolutionGuid = {F5A655F5-C3C7-447D-9939-FF5CB5C9E876}
	EndGlobalSection
EndGlobal
